
Microsoft Visual Studio Solution File, Format Version 12.00
# Visual Studio 15
VisualStudioVersion = 15.0.27428.2015
MinimumVisualStudioVersion = 10.0.40219.1
Project("{FAE04EC0-301F-11D3-BF4B-00C04F79EFBC}") = "LockNonExclusiveDemo", "LockNonExclusiveDemo\LockNonExclusiveDemo.csproj", "{B9514615-AFC4-4576-914F-AA6A14811E75}"
EndProject
Global
	GlobalSection(SolutionConfigurationPlatforms) = preSolution
		Debug|Any CPU = Debug|Any CPU
		Release|Any CPU = Release|Any CPU
	EndGlobalSection
	GlobalSection(ProjectConfigurationPlatforms) = postSolution
		{B9514615-AFC4-4576-914F-AA6A14811E75}.Debug|Any CPU.ActiveCfg = Debug|Any CPU
		{B9514615-AFC4-4576-914F-AA6A14811E75}.Debug|Any CPU.Build.0 = Debug|Any CPU
		{B9514615-AFC4-4576-914F-AA6A14811E75}.Release|Any CPU.ActiveCfg = Release|Any CPU
		{B9514615-AFC4-4576-914F-AA6A14811E75}.Release|Any CPU.Build.0 = Release|Any CPU
	EndGlobalSection
	GlobalSection(SolutionProperties) = preSolution
		HideSolutionNode = FALSE
	EndGlobalSection
	GlobalSection(ExtensibilityGlobals) = postSolution
		SolutionGuid = {83ADC708-FBA5-46A9-91A2-A06D26B3DF3A}
	EndGlobalSection
EndGlobal
