
Microsoft Visual Studio Solution File, Format Version 12.00
# Visual Studio 15
VisualStudioVersion = 15.0.27428.2015
MinimumVisualStudioVersion = 10.0.40219.1
Project("{FAE04EC0-301F-11D3-BF4B-00C04F79EFBC}") = "UIThreadExample", "UIThreadExample\UIThreadExample.csproj", "{AA1F94CF-74E6-42DA-B155-1F8CDB8ACCEA}"
EndProject
Global
	GlobalSection(SolutionConfigurationPlatforms) = preSolution
		Debug|Any CPU = Debug|Any CPU
		Release|Any CPU = Release|Any CPU
	EndGlobalSection
	GlobalSection(ProjectConfigurationPlatforms) = postSolution
		{AA1F94CF-74E6-42DA-B155-1F8CDB8ACCEA}.Debug|Any CPU.ActiveCfg = Debug|Any CPU
		{AA1F94CF-74E6-42DA-B155-1F8CDB8ACCEA}.Debug|Any CPU.Build.0 = Debug|Any CPU
		{AA1F94CF-74E6-42DA-B155-1F8CDB8ACCEA}.Release|Any CPU.ActiveCfg = Release|Any CPU
		{AA1F94CF-74E6-42DA-B155-1F8CDB8ACCEA}.Release|Any CPU.Build.0 = Release|Any CPU
	EndGlobalSection
	GlobalSection(SolutionProperties) = preSolution
		HideSolutionNode = FALSE
	EndGlobalSection
	GlobalSection(ExtensibilityGlobals) = postSolution
		SolutionGuid = {0CE645B4-21DF-4075-8AAB-E7B0E4E136DE}
	EndGlobalSection
EndGlobal
